
Microsoft Visual Studio Solution File, Format Version 12.00
# Visual Studio Version 16
VisualStudioVersion = 16.0.30523.141
MinimumVisualStudioVersion = 10.0.40219.1
Project("{8BC9CEB8-8B4A-11D0-8D11-00A0C91BC942}") = "SocketClientLinux", "SocketClient\SocketClientLinux.vcxproj", "{2D82A3AD-5C72-4B92-AB30-8B1EE322D5DD}"
EndProject
Project("{8BC9CEB8-8B4A-11D0-8D11-00A0C91BC942}") = "SocketServerLinux", "SocketServer\SocketServerLinux.vcxproj", "{571B710E-3322-41C7-A8FD-49D254BE431C}"
EndProject
Global
	GlobalSection(SolutionConfigurationPlatforms) = preSolution
		Debug|x64 = Debug|x64
		Release|x64 = Release|x64
	EndGlobalSection
	GlobalSection(ProjectConfigurationPlatforms) = postSolution
		{2D82A3AD-5C72-4B92-AB30-8B1EE322D5DD}.Debug|x64.ActiveCfg = Debug|x64
		{2D82A3AD-5C72-4B92-AB30-8B1EE322D5DD}.Debug|x64.Build.0 = Debug|x64
		{2D82A3AD-5C72-4B92-AB30-8B1EE322D5DD}.Debug|x64.Deploy.0 = Debug|x64
		{2D82A3AD-5C72-4B92-AB30-8B1EE322D5DD}.Release|x64.ActiveCfg = Release|x64
		{2D82A3AD-5C72-4B92-AB30-8B1EE322D5DD}.Release|x64.Build.0 = Release|x64
		{2D82A3AD-5C72-4B92-AB30-8B1EE322D5DD}.Release|x64.Deploy.0 = Release|x64
		{571B710E-3322-41C7-A8FD-49D254BE431C}.Debug|x64.ActiveCfg = Debug|x64
		{571B710E-3322-41C7-A8FD-49D254BE431C}.Debug|x64.Build.0 = Debug|x64
		{571B710E-3322-41C7-A8FD-49D254BE431C}.Debug|x64.Deploy.0 = Debug|x64
		{571B710E-3322-41C7-A8FD-49D254BE431C}.Release|x64.ActiveCfg = Release|x64
		{571B710E-3322-41C7-A8FD-49D254BE431C}.Release|x64.Build.0 = Release|x64
		{571B710E-3322-41C7-A8FD-49D254BE431C}.Release|x64.Deploy.0 = Release|x64
	EndGlobalSection
	GlobalSection(SolutionProperties) = preSolution
		HideSolutionNode = FALSE
	EndGlobalSection
	GlobalSection(ExtensibilityGlobals) = postSolution
		SolutionGuid = {259B18B0-586F-469C-AA05-02A043B2FB47}
	EndGlobalSection
EndGlobal
